
Microsoft Visual Studio Solution File, Format Version 12.00
# Visual Studio Version 17
VisualStudioVersion = 17.1.32104.313
MinimumVisualStudioVersion = 10.0.40219.1
Project("{9A19103F-16F7-4668-BE54-9A1E7A4F7556}") = "DokanS3FS", "DokanS3FS\DokanS3FS.csproj", "{383B8AAC-C39A-4A19-A0F3-421A338CF4A3}"
EndProject
Project("{9A19103F-16F7-4668-BE54-9A1E7A4F7556}") = "DokanNet", "..\ext\dokan-dotnet\DokanNet\DokanNet.csproj", "{1F3474CA-7D8B-413D-B385-C08A2267A784}"
EndProject
Project("{9A19103F-16F7-4668-BE54-9A1E7A4F7556}") = "DokanS3FS.Control", "DokanS3FS.Control\DokanS3FS.Control.csproj", "{B3E06CD5-470D-4925-94AC-CCC5D0700A60}"
EndProject
Project("{9A19103F-16F7-4668-BE54-9A1E7A4F7556}") = "DokanS3FS.Base", "DokanS3FS.Base\DokanS3FS.Base.csproj", "{AD0615F2-28C1-4F91-AC62-6CC5D7ABCA7E}"
EndProject
Project("{9A19103F-16F7-4668-BE54-9A1E7A4F7556}") = "DokanS3FS.Tests", "..\tests\DokanS3FS.Tests\DokanS3FS.Tests.csproj", "{9B4FADDB-E97B-4073-8358-E106506F165C}"
EndProject
Project("{FAE04EC0-301F-11D3-BF4B-00C04F79EFBC}") = "DokanS3FS.AWSSDK", "DokanS3FS.AWSSDK\DokanS3FS.AWSSDK.csproj", "{C74D2C94-8AD3-4466-A366-F9B03E08CD5F}"
EndProject
Global
	GlobalSection(SolutionConfigurationPlatforms) = preSolution
		Debug|Any CPU = Debug|Any CPU
		Release|Any CPU = Release|Any CPU
	EndGlobalSection
	GlobalSection(ProjectConfigurationPlatforms) = postSolution
		{383B8AAC-C39A-4A19-A0F3-421A338CF4A3}.Debug|Any CPU.ActiveCfg = Debug|Any CPU
		{383B8AAC-C39A-4A19-A0F3-421A338CF4A3}.Debug|Any CPU.Build.0 = Debug|Any CPU
		{383B8AAC-C39A-4A19-A0F3-421A338CF4A3}.Release|Any CPU.ActiveCfg = Release|Any CPU
		{383B8AAC-C39A-4A19-A0F3-421A338CF4A3}.Release|Any CPU.Build.0 = Release|Any CPU
		{1F3474CA-7D8B-413D-B385-C08A2267A784}.Debug|Any CPU.ActiveCfg = Debug|Any CPU
		{1F3474CA-7D8B-413D-B385-C08A2267A784}.Debug|Any CPU.Build.0 = Debug|Any CPU
		{1F3474CA-7D8B-413D-B385-C08A2267A784}.Release|Any CPU.ActiveCfg = Release|Any CPU
		{1F3474CA-7D8B-413D-B385-C08A2267A784}.Release|Any CPU.Build.0 = Release|Any CPU
		{B3E06CD5-470D-4925-94AC-CCC5D0700A60}.Debug|Any CPU.ActiveCfg = Debug|Any CPU
		{B3E06CD5-470D-4925-94AC-CCC5D0700A60}.Debug|Any CPU.Build.0 = Debug|Any CPU
		{B3E06CD5-470D-4925-94AC-CCC5D0700A60}.Release|Any CPU.ActiveCfg = Release|Any CPU
		{B3E06CD5-470D-4925-94AC-CCC5D0700A60}.Release|Any CPU.Build.0 = Release|Any CPU
		{AD0615F2-28C1-4F91-AC62-6CC5D7ABCA7E}.Debug|Any CPU.ActiveCfg = Debug|Any CPU
		{AD0615F2-28C1-4F91-AC62-6CC5D7ABCA7E}.Debug|Any CPU.Build.0 = Debug|Any CPU
		{AD0615F2-28C1-4F91-AC62-6CC5D7ABCA7E}.Release|Any CPU.ActiveCfg = Release|Any CPU
		{AD0615F2-28C1-4F91-AC62-6CC5D7ABCA7E}.Release|Any CPU.Build.0 = Release|Any CPU
		{9B4FADDB-E97B-4073-8358-E106506F165C}.Debug|Any CPU.ActiveCfg = Debug|Any CPU
		{9B4FADDB-E97B-4073-8358-E106506F165C}.Debug|Any CPU.Build.0 = Debug|Any CPU
		{9B4FADDB-E97B-4073-8358-E106506F165C}.Release|Any CPU.ActiveCfg = Release|Any CPU
		{9B4FADDB-E97B-4073-8358-E106506F165C}.Release|Any CPU.Build.0 = Release|Any CPU
		{C74D2C94-8AD3-4466-A366-F9B03E08CD5F}.Debug|Any CPU.ActiveCfg = Debug|Any CPU
		{C74D2C94-8AD3-4466-A366-F9B03E08CD5F}.Debug|Any CPU.Build.0 = Debug|Any CPU
		{C74D2C94-8AD3-4466-A366-F9B03E08CD5F}.Release|Any CPU.ActiveCfg = Release|Any CPU
		{C74D2C94-8AD3-4466-A366-F9B03E08CD5F}.Release|Any CPU.Build.0 = Release|Any CPU
	EndGlobalSection
	GlobalSection(SolutionProperties) = preSolution
		HideSolutionNode = FALSE
	EndGlobalSection
	GlobalSection(ExtensibilityGlobals) = postSolution
		SolutionGuid = {0A574B8F-426A-4648-A160-9053FB2B99F2}
	EndGlobalSection
EndGlobal
